// !$*UTF8*$!
{
	archiveVersion = 1;
	classes = {
	};
	objectVersion = 50;
	objects = {

/* Begin PBXBuildFile section */
		3155B053259C5052003479AF /* AppDelegate.swift in Sources */ = {isa = PBXBuildFile; fileRef = 3155B052259C5052003479AF /* AppDelegate.swift */; };
		3155B055259C5052003479AF /* SceneDelegate.swift in Sources */ = {isa = PBXBuildFile; fileRef = 3155B054259C5052003479AF /* SceneDelegate.swift */; };
		3155B057259C5052003479AF /* ViewController.swift in Sources */ = {isa = PBXBuildFile; fileRef = 3155B056259C5052003479AF /* ViewController.swift */; };
		3155B05A259C5052003479AF /* Main.storyboard in Resources */ = {isa = PBXBuildFile; fileRef = 3155B058259C5052003479AF /* Main.storyboard */; };
		3155B05C259C5054003479AF /* Assets.xcassets in Resources */ = {isa = PBXBuildFile; fileRef = 3155B05B259C5054003479AF /* Assets.xcassets */; };
		3155B05F259C5054003479AF /* LaunchScreen.storyboard in Resources */ = {isa = PBXBuildFile; fileRef = 3155B05D259C5054003479AF /* LaunchScreen.storyboard */; };
		3155B06A259C5054003479AF /* ServiceHelperTDDTests.swift in Sources */ = {isa = PBXBuildFile; fileRef = 3155B069259C5054003479AF /* ServiceHelperTDDTests.swift */; };
		3155B075259C50AD003479AF /* NetworkHelper.swift in Sources */ = {isa = PBXBuildFile; fileRef = 3155B074259C50AD003479AF /* NetworkHelper.swift */; };
		3155B077259C50D3003479AF /* MovieModel.swift in Sources */ = {isa = PBXBuildFile; fileRef = 3155B076259C50D3003479AF /* MovieModel.swift */; };
		3155B079259C5873003479AF /* Response.json in Resources */ = {isa = PBXBuildFile; fileRef = 3155B078259C5873003479AF /* Response.json */; };
		3155B07B259C5902003479AF /* JsonReader.swift in Sources */ = {isa = PBXBuildFile; fileRef = 3155B07A259C5902003479AF /* JsonReader.swift */; };
/* End PBXBuildFile section */

/* Begin PBXContainerItemProxy section */
		3155B066259C5054003479AF /* PBXContainerItemProxy */ = {
			isa = PBXContainerItemProxy;
			containerPortal = 3155B047259C5052003479AF /* Project object */;
			proxyType = 1;
			remoteGlobalIDString = 3155B04E259C5052003479AF;
			remoteInfo = ServiceHelperTDD;
		};
/* End PBXContainerItemProxy section */

/* Begin PBXFileReference section */
		3155B04F259C5052003479AF /* ServiceHelperTDD.app */ = {isa = PBXFileReference; explicitFileType = wrapper.application; includeInIndex = 0; path = ServiceHelperTDD.app; sourceTree = BUILT_PRODUCTS_DIR; };
		3155B052259C5052003479AF /* AppDelegate.swift */ = {isa = PBXFileReference; lastKnownFileType = sourcecode.swift; path = AppDelegate.swift; sourceTree = "<group>"; };
		3155B054259C5052003479AF /* SceneDelegate.swift */ = {isa = PBXFileReference; lastKnownFileType = sourcecode.swift; path = SceneDelegate.swift; sourceTree = "<group>"; };
		3155B056259C5052003479AF /* ViewController.swift */ = {isa = PBXFileReference; lastKnownFileType = sourcecode.swift; path = ViewController.swift; sourceTree = "<group>"; };
		3155B059259C5052003479AF /* Base */ = {isa = PBXFileReference; lastKnownFileType = file.storyboard; name = Base; path = Base.lproj/Main.storyboard; sourceTree = "<group>"; };
		3155B05B259C5054003479AF /* Assets.xcassets */ = {isa = PBXFileReference; lastKnownFileType = folder.assetcatalog; path = Assets.xcassets; sourceTree = "<group>"; };
		3155B05E259C5054003479AF /* Base */ = {isa = PBXFileReference; lastKnownFileType = file.storyboard; name = Base; path = Base.lproj/LaunchScreen.storyboard; sourceTree = "<group>"; };
		3155B060259C5054003479AF /* Info.plist */ = {isa = PBXFileReference; lastKnownFileType = text.plist.xml; path = Info.plist; sourceTree = "<group>"; };
		3155B065259C5054003479AF /* ServiceHelperTDDTests.xctest */ = {isa = PBXFileReference; explicitFileType = wrapper.cfbundle; includeInIndex = 0; path = ServiceHelperTDDTests.xctest; sourceTree = BUILT_PRODUCTS_DIR; };
		3155B069259C5054003479AF /* ServiceHelperTDDTests.swift */ = {isa = PBXFileReference; lastKnownFileType = sourcecode.swift; path = ServiceHelperTDDTests.swift; sourceTree = "<group>"; };
		3155B06B259C5054003479AF /* Info.plist */ = {isa = PBXFileReference; lastKnownFileType = text.plist.xml; path = Info.plist; sourceTree = "<group>"; };
		3155B074259C50AD003479AF /* NetworkHelper.swift */ = {isa = PBXFileReference; lastKnownFileType = sourcecode.swift; path = NetworkHelper.swift; sourceTree = "<group>"; };
		3155B076259C50D3003479AF /* MovieModel.swift */ = {isa = PBXFileReference; lastKnownFileType = sourcecode.swift; path = MovieModel.swift; sourceTree = "<group>"; };
		3155B078259C5873003479AF /* Response.json */ = {isa = PBXFileReference; lastKnownFileType = text.json; path = Response.json; sourceTree = "<group>"; };
		3155B07A259C5902003479AF /* JsonReader.swift */ = {isa = PBXFileReference; lastKnownFileType = sourcecode.swift; path = JsonReader.swift; sourceTree = "<group>"; };
/* End PBXFileReference section */

/* Begin PBXFrameworksBuildPhase section */
		3155B04C259C5052003479AF /* Frameworks */ = {
			isa = PBXFrameworksBuildPhase;
			buildActionMask = 2147483647;
			files = (
			);
			runOnlyForDeploymentPostprocessing = 0;
		};
		3155B062259C5054003479AF /* Frameworks */ = {
			isa = PBXFrameworksBuildPhase;
			buildActionMask = 2147483647;
			files = (
			);
			runOnlyForDeploymentPostprocessing = 0;
		};
/* End PBXFrameworksBuildPhase section */

/* Begin PBXGroup section */
		3155B046259C5052003479AF = {
			isa = PBXGroup;
			children = (
				3155B051259C5052003479AF /* ServiceHelperTDD */,
				3155B068259C5054003479AF /* ServiceHelperTDDTests */,
				3155B050259C5052003479AF /* Products */,
			);
			sourceTree = "<group>";
		};
		3155B050259C5052003479AF /* Products */ = {
			isa = PBXGroup;
			children = (
				3155B04F259C5052003479AF /* ServiceHelperTDD.app */,
				3155B065259C5054003479AF /* ServiceHelperTDDTests.xctest */,
			);
			name = Products;
			sourceTree = "<group>";
		};
		3155B051259C5052003479AF /* ServiceHelperTDD */ = {
			isa = PBXGroup;
			children = (
				3155B052259C5052003479AF /* AppDelegate.swift */,
				3155B054259C5052003479AF /* SceneDelegate.swift */,
				3155B056259C5052003479AF /* ViewController.swift */,
				3155B076259C50D3003479AF /* MovieModel.swift */,
				3155B058259C5052003479AF /* Main.storyboard */,
				3155B05B259C5054003479AF /* Assets.xcassets */,
				3155B05D259C5054003479AF /* LaunchScreen.storyboard */,
				3155B060259C5054003479AF /* Info.plist */,
				3155B074259C50AD003479AF /* NetworkHelper.swift */,
				3155B07A259C5902003479AF /* JsonReader.swift */,
				3155B078259C5873003479AF /* Response.json */,
			);
			path = ServiceHelperTDD;
			sourceTree = "<group>";
		};
		3155B068259C5054003479AF /* ServiceHelperTDDTests */ = {
			isa = PBXGroup;
			children = (
				3155B069259C5054003479AF /* ServiceHelperTDDTests.swift */,
				3155B06B259C5054003479AF /* Info.plist */,
			);
			path = ServiceHelperTDDTests;
			sourceTree = "<group>";
		};
/* End PBXGroup section */

/* Begin PBXNativeTarget section */
		3155B04E259C5052003479AF /* ServiceHelperTDD */ = {
			isa = PBXNativeTarget;
			buildConfigurationList = 3155B06E259C5054003479AF /* Build configuration list for PBXNativeTarget "ServiceHelperTDD" */;
			buildPhases = (
				3155B04B259C5052003479AF /* Sources */,
				3155B04C259C5052003479AF /* Frameworks */,
				3155B04D259C5052003479AF /* Resources */,
			);
			buildRules = (
			);
			dependencies = (
			);
			name = ServiceHelperTDD;
			productName = ServiceHelperTDD;
			productReference = 3155B04F259C5052003479AF /* ServiceHelperTDD.app */;
			productType = "com.apple.product-type.application";
		};
		3155B064259C5054003479AF /* ServiceHelperTDDTests */ = {
			isa = PBXNativeTarget;
			buildConfigurationList = 3155B071259C5054003479AF /* Build configuration list for PBXNativeTarget "ServiceHelperTDDTests" */;
			buildPhases = (
				3155B061259C5054003479AF /* Sources */,
				3155B062259C5054003479AF /* Frameworks */,
				3155B063259C5054003479AF /* Resources */,
			);
			buildRules = (
			);
			dependencies = (
				3155B067259C5054003479AF /* PBXTargetDependency */,
			);
			name = ServiceHelperTDDTests;
			productName = ServiceHelperTDDTests;
			productReference = 3155B065259C5054003479AF /* ServiceHelperTDDTests.xctest */;
			productType = "com.apple.product-type.bundle.unit-test";
		};
/* End PBXNativeTarget section */

/* Begin PBXProject section */
		3155B047259C5052003479AF /* Project object */ = {
			isa = PBXProject;
			attributes = {
				LastSwiftUpdateCheck = 1130;
				LastUpgradeCheck = 1130;
				ORGANIZATIONNAME = "Nikhil Dange";
				TargetAttributes = {
					3155B04E259C5052003479AF = {
						CreatedOnToolsVersion = 11.3.1;
					};
					3155B064259C5054003479AF = {
						CreatedOnToolsVersion = 11.3.1;
						TestTargetID = 3155B04E259C5052003479AF;
					};
				};
			};
			buildConfigurationList = 3155B04A259C5052003479AF /* Build configuration list for PBXProject "ServiceHelperTDD" */;
			compatibilityVersion = "Xcode 9.3";
			developmentRegion = en;
			hasScannedForEncodings = 0;
			knownRegions = (
				en,
				Base,
			);
			mainGroup = 3155B046259C5052003479AF;
			productRefGroup = 3155B050259C5052003479AF /* Products */;
			projectDirPath = "";
			projectRoot = "";
			targets = (
				3155B04E259C5052003479AF /* ServiceHelperTDD */,
				3155B064259C5054003479AF /* ServiceHelperTDDTests */,
			);
		};
/* End PBXProject section */

/* Begin PBXResourcesBuildPhase section */
		3155B04D259C5052003479AF /* Resources */ = {
			isa = PBXResourcesBuildPhase;
			buildActionMask = 2147483647;
			files = (
				3155B079259C5873003479AF /* Response.json in Resources */,
				3155B05F259C5054003479AF /* LaunchScreen.storyboard in Resources */,
				3155B05C259C5054003479AF /* Assets.xcassets in Resources */,
				3155B05A259C5052003479AF /* Main.storyboard in Resources */,
			);
			runOnlyForDeploymentPostprocessing = 0;
		};
		3155B063259C5054003479AF /* Resources */ = {
			isa = PBXResourcesBuildPhase;
			buildActionMask = 2147483647;
			files = (
			);
			runOnlyForDeploymentPostprocessing = 0;
		};
/* End PBXResourcesBuildPhase section */

/* Begin PBXSourcesBuildPhase section */
		3155B04B259C5052003479AF /* Sources */ = {
			isa = PBXSourcesBuildPhase;
			buildActionMask = 2147483647;
			files = (
				3155B075259C50AD003479AF /* NetworkHelper.swift in Sources */,
				3155B057259C5052003479AF /* ViewController.swift in Sources */,
				3155B077259C50D3003479AF /* MovieModel.swift in Sources */,
				3155B053259C5052003479AF /* AppDelegate.swift in Sources */,
				3155B07B259C5902003479AF /* JsonReader.swift in Sources */,
				3155B055259C5052003479AF /* SceneDelegate.swift in Sources */,
			);
			runOnlyForDeploymentPostprocessing = 0;
		};
		3155B061259C5054003479AF /* Sources */ = {
			isa = PBXSourcesBuildPhase;
			buildActionMask = 2147483647;
			files = (
				3155B06A259C5054003479AF /* ServiceHelperTDDTests.swift in Sources */,
			);
			runOnlyForDeploymentPostprocessing = 0;
		};
/* End PBXSourcesBuildPhase section */

/* Begin PBXTargetDependency section */
		3155B067259C5054003479AF /* PBXTargetDependency */ = {
			isa = PBXTargetDependency;
			target = 3155B04E259C5052003479AF /* ServiceHelperTDD */;
			targetProxy = 3155B066259C5054003479AF /* PBXContainerItemProxy */;
		};
/* End PBXTargetDependency section */

/* Begin PBXVariantGroup section */
		3155B058259C5052003479AF /* Main.storyboard */ = {
			isa = PBXVariantGroup;
			children = (
				3155B059259C5052003479AF /* Base */,
			);
			name = Main.storyboard;
			sourceTree = "<group>";
		};
		3155B05D259C5054003479AF /* LaunchScreen.storyboard */ = {
			isa = PBXVariantGroup;
			children = (
				3155B05E259C5054003479AF /* Base */,
			);
			name = LaunchScreen.storyboard;
			sourceTree = "<group>";
		};
/* End PBXVariantGroup section */

/* Begin XCBuildConfiguration section */
		3155B06C259C5054003479AF /* Debug */ = {
			isa = XCBuildConfiguration;
			buildSettings = {
				ALWAYS_SEARCH_USER_PATHS = NO;
				CLANG_ANALYZER_NONNULL = YES;
				CLANG_ANALYZER_NUMBER_OBJECT_CONVERSION = YES_AGGRESSIVE;
				CLANG_CXX_LANGUAGE_STANDARD = "gnu++14";
				CLANG_CXX_LIBRARY = "libc++";
				CLANG_ENABLE_MODULES = YES;
				CLANG_ENABLE_OBJC_ARC = YES;
				CLANG_ENABLE_OBJC_WEAK = YES;
				CLANG_WARN_BLOCK_CAPTURE_AUTORELEASING = YES;
				CLANG_WARN_BOOL_CONVERSION = YES;
				CLANG_WARN_COMMA = YES;
				CLANG_WARN_CONSTANT_CONVERSION = YES;
				CLANG_WARN_DEPRECATED_OBJC_IMPLEMENTATIONS = YES;
				CLANG_WARN_DIRECT_OBJC_ISA_USAGE = YES_ERROR;
				CLANG_WARN_DOCUMENTATION_COMMENTS = YES;
				CLANG_WARN_EMPTY_BODY = YES;
				CLANG_WARN_ENUM_CONVERSION = YES;
				CLANG_WARN_INFINITE_RECURSION = YES;
				CLANG_WARN_INT_CONVERSION = YES;
				CLANG_WARN_NON_LITERAL_NULL_CONVERSION = YES;
				CLANG_WARN_OBJC_IMPLICIT_RETAIN_SELF = YES;
				CLANG_WARN_OBJC_LITERAL_CONVERSION = YES;
				CLANG_WARN_OBJC_ROOT_CLASS = YES_ERROR;
				CLANG_WARN_RANGE_LOOP_ANALYSIS = YES;
				CLANG_WARN_STRICT_PROTOTYPES = YES;
				CLANG_WARN_SUSPICIOUS_MOVE = YES;
				CLANG_WARN_UNGUARDED_AVAILABILITY = YES_AGGRESSIVE;
				CLANG_WARN_UNREACHABLE_CODE = YES;
				CLANG_WARN__DUPLICATE_METHOD_MATCH = YES;
				COPY_PHASE_STRIP = NO;
				DEBUG_INFORMATION_FORMAT = dwarf;
				ENABLE_STRICT_OBJC_MSGSEND = YES;
				ENABLE_TESTABILITY = YES;
				GCC_C_LANGUAGE_STANDARD = gnu11;
				GCC_DYNAMIC_NO_PIC = NO;
				GCC_NO_COMMON_BLOCKS = YES;
				GCC_OPTIMIZATION_LEVEL = 0;
				GCC_PREPROCESSOR_DEFINITIONS = (
					"DEBUG=1",
					"$(inherited)",
				);
				GCC_WARN_64_TO_32_BIT_CONVERSION = YES;
				GCC_WARN_ABOUT_RETURN_TYPE = YES_ERROR;
				GCC_WARN_UNDECLARED_SELECTOR = YES;
				GCC_WARN_UNINITIALIZED_AUTOS = YES_AGGRESSIVE;
				GCC_WARN_UNUSED_FUNCTION = YES;
				GCC_WARN_UNUSED_VARIABLE = YES;
				IPHONEOS_DEPLOYMENT_TARGET = 13.2;
				MTL_ENABLE_DEBUG_INFO = INCLUDE_SOURCE;
				MTL_FAST_MATH = YES;
				ONLY_ACTIVE_ARCH = YES;
				SDKROOT = iphoneos;
				SWIFT_ACTIVE_COMPILATION_CONDITIONS = DEBUG;
				SWIFT_OPTIMIZATION_LEVEL = "-Onone";
			};
			name = Debug;
		};
		3155B06D259C5054003479AF /* Release */ = {
			isa = XCBuildConfiguration;
			buildSettings = {
				ALWAYS_SEARCH_USER_PATHS = NO;
				CLANG_ANALYZER_NONNULL = YES;
				CLANG_ANALYZER_NUMBER_OBJECT_CONVERSION = YES_AGGRESSIVE;
				CLANG_CXX_LANGUAGE_STANDARD = "gnu++14";
				CLANG_CXX_LIBRARY = "libc++";
				CLANG_ENABLE_MODULES = YES;
				CLANG_ENABLE_OBJC_ARC = YES;
				CLANG_ENABLE_OBJC_WEAK = YES;
				CLANG_WARN_BLOCK_CAPTURE_AUTORELEASING = YES;
				CLANG_WARN_BOOL_CONVERSION = YES;
				CLANG_WARN_COMMA = YES;
				CLANG_WARN_CONSTANT_CONVERSION = YES;
				CLANG_WARN_DEPRECATED_OBJC_IMPLEMENTATIONS = YES;
				CLANG_WARN_DIRECT_OBJC_ISA_USAGE = YES_ERROR;
				CLANG_WARN_DOCUMENTATION_COMMENTS = YES;
				CLANG_WARN_EMPTY_BODY = YES;
				CLANG_WARN_ENUM_CONVERSION = YES;
				CLANG_WARN_INFINITE_RECURSION = YES;
				CLANG_WARN_INT_CONVERSION = YES;
				CLANG_WARN_NON_LITERAL_NULL_CONVERSION = YES;
				CLANG_WARN_OBJC_IMPLICIT_RETAIN_SELF = YES;
				CLANG_WARN_OBJC_LITERAL_CONVERSION = YES;
				CLANG_WARN_OBJC_ROOT_CLASS = YES_ERROR;
				CLANG_WARN_RANGE_LOOP_ANALYSIS = YES;
				CLANG_WARN_STRICT_PROTOTYPES = YES;
				CLANG_WARN_SUSPICIOUS_MOVE = YES;
				CLANG_WARN_UNGUARDED_AVAILABILITY = YES_AGGRESSIVE;
				CLANG_WARN_UNREACHABLE_CODE = YES;
				CLANG_WARN__DUPLICATE_METHOD_MATCH = YES;
				COPY_PHASE_STRIP = NO;
				DEBUG_INFORMATION_FORMAT = "dwarf-with-dsym";
				ENABLE_NS_ASSERTIONS = NO;
				ENABLE_STRICT_OBJC_MSGSEND = YES;
				GCC_C_LANGUAGE_STANDARD = gnu11;
				GCC_NO_COMMON_BLOCKS = YES;
				GCC_WARN_64_TO_32_BIT_CONVERSION = YES;
				GCC_WARN_ABOUT_RETURN_TYPE = YES_ERROR;
				GCC_WARN_UNDECLARED_SELECTOR = YES;
				GCC_WARN_UNINITIALIZED_AUTOS = YES_AGGRESSIVE;
				GCC_WARN_UNUSED_FUNCTION = YES;
				GCC_WARN_UNUSED_VARIABLE = YES;
				IPHONEOS_DEPLOYMENT_TARGET = 13.2;
				MTL_ENABLE_DEBUG_INFO = NO;
				MTL_FAST_MATH = YES;
				SDKROOT = iphoneos;
				SWIFT_COMPILATION_MODE = wholemodule;
				SWIFT_OPTIMIZATION_LEVEL = "-O";
				VALIDATE_PRODUCT = YES;
			};
			name = Release;
		};
		3155B06F259C5054003479AF /* Debug */ = {
			isa = XCBuildConfiguration;
			buildSettings = {
				ASSETCATALOG_COMPILER_APPICON_NAME = AppIcon;
				CODE_SIGN_STYLE = Automatic;
				INFOPLIST_FILE = ServiceHelperTDD/Info.plist;
				LD_RUNPATH_SEARCH_PATHS = (
					"$(inherited)",
					"@executable_path/Frameworks",
				);
				PRODUCT_BUNDLE_IDENTIFIER = Learning.ServiceHelperTDD;
				PRODUCT_NAME = "$(TARGET_NAME)";
				SWIFT_VERSION = 5.0;
				TARGETED_DEVICE_FAMILY = "1,2";
			};
			name = Debug;
		};
		3155B070259C5054003479AF /* Release */ = {
			isa = XCBuildConfiguration;
			buildSettings = {
				ASSETCATALOG_COMPILER_APPICON_NAME = AppIcon;
				CODE_SIGN_STYLE = Automatic;
				INFOPLIST_FILE = ServiceHelperTDD/Info.plist;
				LD_RUNPATH_SEARCH_PATHS = (
					"$(inherited)",
					"@executable_path/Frameworks",
				);
				PRODUCT_BUNDLE_IDENTIFIER = Learning.ServiceHelperTDD;
				PRODUCT_NAME = "$(TARGET_NAME)";
				SWIFT_VERSION = 5.0;
				TARGETED_DEVICE_FAMILY = "1,2";
			};
			name = Release;
		};
		3155B072259C5054003479AF /* Debug */ = {
			isa = XCBuildConfiguration;
			buildSettings = {
				ALWAYS_EMBED_SWIFT_STANDARD_LIBRARIES = YES;
				BUNDLE_LOADER = "$(TEST_HOST)";
				CODE_SIGN_STYLE = Automatic;
				INFOPLIST_FILE = ServiceHelperTDDTests/Info.plist;
				IPHONEOS_DEPLOYMENT_TARGET = 13.2;
				LD_RUNPATH_SEARCH_PATHS = (
					"$(inherited)",
					"@executable_path/Frameworks",
					"@loader_path/Frameworks",
				);
				PRODUCT_BUNDLE_IDENTIFIER = Learning.ServiceHelperTDDTests;
				PRODUCT_NAME = "$(TARGET_NAME)";
				SWIFT_VERSION = 5.0;
				TARGETED_DEVICE_FAMILY = "1,2";
				TEST_HOST = "$(BUILT_PRODUCTS_DIR)/ServiceHelperTDD.app/ServiceHelperTDD";
			};
			name = Debug;
		};
		3155B073259C5054003479AF /* Release */ = {
			isa = XCBuildConfiguration;
			buildSettings = {
				ALWAYS_EMBED_SWIFT_STANDARD_LIBRARIES = YES;
				BUNDLE_LOADER = "$(TEST_HOST)";
				CODE_SIGN_STYLE = Automatic;
				INFOPLIST_FILE = ServiceHelperTDDTests/Info.plist;
				IPHONEOS_DEPLOYMENT_TARGET = 13.2;
				LD_RUNPATH_SEARCH_PATHS = (
					"$(inherited)",
					"@executable_path/Frameworks",
					"@loader_path/Frameworks",
				);
				PRODUCT_BUNDLE_IDENTIFIER = Learning.ServiceHelperTDDTests;
				PRODUCT_NAME = "$(TARGET_NAME)";
				SWIFT_VERSION = 5.0;
				TARGETED_DEVICE_FAMILY = "1,2";
				TEST_HOST = "$(BUILT_PRODUCTS_DIR)/ServiceHelperTDD.app/ServiceHelperTDD";
			};
			name = Release;
		};
/* End XCBuildConfiguration section */

/* Begin XCConfigurationList section */
		3155B04A259C5052003479AF /* Build configuration list for PBXProject "ServiceHelperTDD" */ = {
			isa = XCConfigurationList;
			buildConfigurations = (
				3155B06C259C5054003479AF /* Debug */,
				3155B06D259C5054003479AF /* Release */,
			);
			defaultConfigurationIsVisible = 0;
			defaultConfigurationName = Release;
		};
		3155B06E259C5054003479AF /* Build configuration list for PBXNativeTarget "ServiceHelperTDD" */ = {
			isa = XCConfigurationList;
			buildConfigurations = (
				3155B06F259C5054003479AF /* Debug */,
				3155B070259C5054003479AF /* Release */,
			);
			defaultConfigurationIsVisible = 0;
			defaultConfigurationName = Release;
		};
		3155B071259C5054003479AF /* Build configuration list for PBXNativeTarget "ServiceHelperTDDTests" */ = {
			isa = XCConfigurationList;
			buildConfigurations = (
				3155B072259C5054003479AF /* Debug */,
				3155B073259C5054003479AF /* Release */,
			);
			defaultConfigurationIsVisible = 0;
			defaultConfigurationName = Release;
		};
/* End XCConfigurationList section */
	};
	rootObject = 3155B047259C5052003479AF /* Project object */;
}
